
Microsoft Visual Studio Solution File, Format Version 12.00
# Visual Studio Version 16
VisualStudioVersion = 16.0.31515.178
MinimumVisualStudioVersion = 10.0.40219.1
Project("{FAE04EC0-301F-11D3-BF4B-00C04F79EFBC}") = "ParkyAPI", "ParkyAPI\ParkyAPI.csproj", "{580234EE-EFB2-47AE-8CC5-2D10DDB07189}"
EndProject
Global
	GlobalSection(SolutionConfigurationPlatforms) = preSolution
		Debug|Any CPU = Debug|Any CPU
		Release|Any CPU = Release|Any CPU
	EndGlobalSection
	GlobalSection(ProjectConfigurationPlatforms) = postSolution
		{580234EE-EFB2-47AE-8CC5-2D10DDB07189}.Debug|Any CPU.ActiveCfg = Debug|Any CPU
		{580234EE-EFB2-47AE-8CC5-2D10DDB07189}.Debug|Any CPU.Build.0 = Debug|Any CPU
		{580234EE-EFB2-47AE-8CC5-2D10DDB07189}.Release|Any CPU.ActiveCfg = Release|Any CPU
		{580234EE-EFB2-47AE-8CC5-2D10DDB07189}.Release|Any CPU.Build.0 = Release|Any CPU
	EndGlobalSection
	GlobalSection(SolutionProperties) = preSolution
		HideSolutionNode = FALSE
	EndGlobalSection
	GlobalSection(ExtensibilityGlobals) = postSolution
		SolutionGuid = {04E509BE-3AA5-4885-8116-949ED2DCD041}
	EndGlobalSection
EndGlobal
